PackratFormat: 1.4
PackratVersion: 0.5.0
RVersion: 3.5.3
Repos: CRAN=https://mran.microsoft.com/snapshot/2019-04-15

Package: BH
Source: CRAN
Version: 1.69.0-1
Hash: 15f597ed227897f4f793b6161260f4b9

Package: R6
Source: CRAN
Version: 2.3.0
Hash: 8eccabbf292b5aba632985cde6406fc3

Package: RCurl
Source: CRAN
Version: 1.95-4.12
Hash: 261163f9c66d2a2c7ef8028765ed2838
Requires: bitops

Package: Rcpp
Source: CRAN
Version: 1.0.1
Hash: 390ed5b5da840cec3e6f5c90c6ab23f7

Package: askpass
Source: CRAN
Version: 1.1
Hash: 6f6c430e3cd0dd7d48f447700f4d7e7f
Requires: sys

Package: assertthat
Source: CRAN
Version: 0.2.1
Hash: 622be49032fe50bd42e96aaef613e209

Package: base64enc
Source: CRAN
Version: 0.1-3
Hash: c590d29e555926af053055e23ee79efb

Package: bitops
Source: CRAN
Version: 1.0-6
Hash: 67d0775189fd0041d95abca618c5c07e

Package: cli
Source: CRAN
Version: 1.1.0
Hash: bc4e54014c2049f2605ad0c3ba0cce6b
Requires: assertthat, crayon

Package: clipr
Source: CRAN
Version: 0.5.0
Hash: 9d588163f9234a17c6ad03d148db999d

Package: crayon
Source: CRAN
Version: 1.3.4
Hash: ff2840dd9b0d563fc80377a5a45510cd

Package: curl
Source: CRAN
Version: 3.3
Hash: b201f64e6e1469e8a3571c746ffa9059

Package: digest
Source: CRAN
Version: 0.6.18
Hash: 65f62365ec69ddd17230d2ffe891a6ab

Package: dplyr
Source: CRAN
Version: 0.8.0.1
Requires: BH, R6, Rcpp, assertthat, glue, magrittr, pkgconfig, rlang,
    tibble, plogr, tidyselect

Package: evaluate
Source: CRAN
Version: 0.13
Hash: 1853557a0ea0db2daebf597c7ce58d70

Package: fansi
Source: CRAN
Version: 0.4.0
Hash: f147621f72b561485bfffcae78c4f5d5

Package: flatxml
Source: CRAN
Version: 0.0.2
Requires: RCurl, xml2

Package: glue
Source: CRAN
Version: 1.3.1
Hash: 660bbbe3803c7cf7c9489a7d99a9c0ed

Package: highr
Source: CRAN
Version: 0.8
Hash: 16aa2cc98d7b68c9d148c263c8dcdbcd

Package: hms
Source: CRAN
Version: 0.4.2
Requires: pkgconfig, rlang

Package: htmltools
Source: CRAN
Version: 0.3.6
Hash: ef5869fcbca46a9551ce5b78954a6c2e
Requires: Rcpp, digest

Package: httr
Source: CRAN
Version: 1.4.0
Hash: 62d62d3ffcc9a34411b6e35a813f72dd
Requires: R6, curl, jsonlite, mime, openssl

Package: igraph
Source: CRAN
Version: 1.2.4
Requires: magrittr, pkgconfig

Package: jsonlite
Source: CRAN
Version: 1.5
Hash: 9c51936d8dd00b2f1d4fe9d10499694c

Package: knitr
Source: CRAN
Version: 1.22
Hash: d7581079d36fa69f84ff721384355734
Requires: evaluate, highr, markdown, stringr, xfun, yaml

Package: magrittr
Source: CRAN
Version: 1.5
Hash: bdc4d48c3135e8f3b399536ddf160df4

Package: markdown
Source: CRAN
Version: 0.9
Hash: 730f688930cef3223d59bd8aef679ab9
Requires: mime

Package: mime
Source: CRAN
Version: 0.6
Hash: 2ed8f98b8284ad733f3907fc6e2f1334

Package: openssl
Source: CRAN
Version: 1.3
Hash: 7235e0ada86fbb386b7e2e3046cda46e
Requires: askpass

Package: packrat
Source: CRAN
Version: 0.5.0
Hash: 498643e765d1442ba7b1160a1df3abf9

Package: pillar
Source: CRAN
Version: 1.3.1
Hash: 9ed4c2a5d3047bfba3e852ad5e806d91
Requires: cli, crayon, fansi, rlang, utf8

Package: pkgconfig
Source: CRAN
Version: 2.0.2
Hash: b0fd6ed908e150b77e5f00c6478bd58c

Package: plogr
Source: CRAN
Version: 0.2.0

Package: praise
Source: CRAN
Version: 1.0.0
Hash: 77da8f1df873a4b91e5c4a68fe2fb1b6

Package: purrr
Source: CRAN
Version: 0.3.2
Hash: d7bb7f62bb3af2d6510f50cb7190a060
Requires: magrittr, rlang

Package: readr
Source: CRAN
Version: 1.3.1
Requires: BH, R6, Rcpp, clipr, crayon, tibble, hms

Package: rlang
Source: CRAN
Version: 0.3.4
Hash: 6a5220d1a973463418286038095d8c0b

Package: rmarkdown
Source: CRAN
Version: 1.12
Hash: 241424e590a32decf6e9f0cd32a5760b
Requires: base64enc, evaluate, htmltools, jsonlite, knitr, mime,
    stringr, tinytex, yaml

Package: rvest
Source: CRAN
Version: 0.3.3
Requires: httr, magrittr, xml2, selectr

Package: selectr
Source: CRAN
Version: 0.4-1
Requires: R6, stringr

Package: stringi
Source: CRAN
Version: 1.4.3
Hash: ed2a82fc7cc668c1345223d938cdfaf2

Package: stringr
Source: CRAN
Version: 1.4.0
Hash: 67da32dbb2a7a16f2ef124336358e54a
Requires: glue, magrittr, stringi

Package: sys
Source: CRAN
Version: 3.1
Hash: dc2a997b1b9a2d3f9c234491153cb951

Package: testthat
Source: CRAN
Version: 2.0.1
Hash: 777eb6e94f5a62bf6320fecf0175bbbb
Requires: R6, cli, crayon, digest, magrittr, praise, rlang, withr

Package: tibble
Source: CRAN
Version: 2.1.1
Hash: e9d844f966bd4d40556b50c3b2239646
Requires: cli, crayon, fansi, pillar, pkgconfig, rlang

Package: tidyr
Source: CRAN
Version: 0.8.3
Requires: Rcpp, glue, magrittr, purrr, rlang, stringi, tibble, dplyr,
    tidyselect

Package: tidyselect
Source: CRAN
Version: 0.2.5
Requires: Rcpp, glue, purrr, rlang

Package: tinytex
Source: CRAN
Version: 0.12
Hash: 138dfd8584f3941b21f74044e2aeb8e7
Requires: xfun

Package: utf8
Source: CRAN
Version: 1.1.4
Hash: f3f97ce59092abc8ed3fd098a59e236c

Package: withr
Source: CRAN
Version: 2.1.2
Hash: d534108bcd5f34ec73e9eb523751ba20

Package: xfun
Source: CRAN
Version: 0.6
Hash: 73da552325e6d8a92cf3f85a1463f6ff

Package: xml2
Source: CRAN
Version: 1.2.0
Hash: 6e643a368e9748966b96332eaa631411
Requires: Rcpp

Package: yaml
Source: CRAN
Version: 2.2.0
Hash: a5ad5616d83d89f8d84cbf3cf4034e13
